# This file was autogenerated by Stack.
# You should not edit this file by hand.
# For more information, please see the documentation at:
#   https://docs.haskellstack.org/en/stable/lock_files

packages:
- completed:
    hackage: llvm-hs-4.0.1.0@sha256:fa9814094209663f1c67934beeefcbd41e71029158da1ba3245ae36995179561,8577
    pantry-tree:
      size: 11680
      sha256: 213734232110394fc5af8e78b9c5df2d0bbda3e2ddbd264fa3a08a19e574dc12
  original:
    hackage: llvm-hs-4.0.1.0
snapshots:
- completed:
    size: 514891
    url: https://raw.githubusercontent.com/commercialhaskell/stackage-snapshots/master/lts/8/13.yaml
    sha256: 3f5895e269aba0d6df16bab41870937b7565532dd8ab5aef3e56ba621d8b70f9
  original: lts-8.13
